// !$*UTF8*$!
{
	archiveVersion = 1;
	classes = {
	};
	objectVersion = 50;
	objects = {

/* Begin PBXBuildFile section */
		978C2AC1F16916C109A1B665 /* Pods_menufly.framework in Frameworks */ = {isa = PBXBuildFile; fileRef = 00339691A7C4847B90E9A00A /* Pods_menufly.framework */; };
		9F08560B20F6B70B009F4FD5 /* AllTheRecipesViewController.swift in Sources */ = {isa = PBXBuildFile; fileRef = 9F08560A20F6B70B009F4FD5 /* AllTheRecipesViewController.swift */; };
		9F08561120F6DA43009F4FD5 /* CreateRecipeViewController.swift in Sources */ = {isa = PBXBuildFile; fileRef = 9F08561020F6DA43009F4FD5 /* CreateRecipeViewController.swift */; };
		9F08561320F72107009F4FD5 /* TheRecipeViewController.swift in Sources */ = {isa = PBXBuildFile; fileRef = 9F08561220F72107009F4FD5 /* TheRecipeViewController.swift */; };
		9F18CC7920EC87E40062EA36 /* AppDelegate.swift in Sources */ = {isa = PBXBuildFile; fileRef = 9F18CC7820EC87E40062EA36 /* AppDelegate.swift */; };
		9F18CC7B20EC87E40062EA36 /* ViewController.swift in Sources */ = {isa = PBXBuildFile; fileRef = 9F18CC7A20EC87E40062EA36 /* ViewController.swift */; };
		9F18CC7E20EC87E40062EA36 /* Main.storyboard in Resources */ = {isa = PBXBuildFile; fileRef = 9F18CC7C20EC87E40062EA36 /* Main.storyboard */; };
		9F18CC8020EC87E60062EA36 /* Assets.xcassets in Resources */ = {isa = PBXBuildFile; fileRef = 9F18CC7F20EC87E60062EA36 /* Assets.xcassets */; };
		9F18CC8320EC87E60062EA36 /* LaunchScreen.storyboard in Resources */ = {isa = PBXBuildFile; fileRef = 9F18CC8120EC87E60062EA36 /* LaunchScreen.storyboard */; };
		9F18CC8B20EC87F90062EA36 /* GoogleService-Info.plist in Resources */ = {isa = PBXBuildFile; fileRef = 9F18CC8A20EC87F90062EA36 /* GoogleService-Info.plist */; };
		9F18CC8D20EC8E530062EA36 /* MainViewController.swift in Sources */ = {isa = PBXBuildFile; fileRef = 9F18CC8C20EC8E530062EA36 /* MainViewController.swift */; };
		9F448B0F20F7D39700E9CA90 /* FollowUsersTableViewController.swift in Sources */ = {isa = PBXBuildFile; fileRef = 9F448B0E20F7D39700E9CA90 /* FollowUsersTableViewController.swift */; };
		9F448B1320F7EB8100E9CA90 /* MyFriendsTableViewController.swift in Sources */ = {isa = PBXBuildFile; fileRef = 9F448B1220F7EB8100E9CA90 /* MyFriendsTableViewController.swift */; };
		9F448B1520F7F68A00E9CA90 /* user.swift in Sources */ = {isa = PBXBuildFile; fileRef = 9F448B1420F7F68A00E9CA90 /* user.swift */; };
		9F448B1720F81C6E00E9CA90 /* UserProfileViewController.swift in Sources */ = {isa = PBXBuildFile; fileRef = 9F448B1620F81C6E00E9CA90 /* UserProfileViewController.swift */; };
		9F5CE48D20FFCF2000F09C15 /* CalendarCell.swift in Sources */ = {isa = PBXBuildFile; fileRef = 9F5CE48C20FFCF2000F09C15 /* CalendarCell.swift */; };
		9F5CE48F20FFD06A00F09C15 /* CalendarController.swift in Sources */ = {isa = PBXBuildFile; fileRef = 9F5CE48E20FFD06A00F09C15 /* CalendarController.swift */; };
		9F5CE491210016B700F09C15 /* CalendarHeader.swift in Sources */ = {isa = PBXBuildFile; fileRef = 9F5CE490210016B700F09C15 /* CalendarHeader.swift */; };
		9FE5BADD20FD53FB00274EA3 /* OneRecipeViewController.swift in Sources */ = {isa = PBXBuildFile; fileRef = 9FE5BADC20FD53FB00274EA3 /* OneRecipeViewController.swift */; };
		9FEA997720F3D1C000FFDD6A /* Recipes.swift in Sources */ = {isa = PBXBuildFile; fileRef = 9FEA997620F3D1C000FFDD6A /* Recipes.swift */; };
/* End PBXBuildFile section */

/* Begin PBXFileReference section */
		00339691A7C4847B90E9A00A /* Pods_menufly.framework */ = {isa = PBXFileReference; explicitFileType = wrapper.framework; includeInIndex = 0; path = Pods_menufly.framework; sourceTree = BUILT_PRODUCTS_DIR; };
		09E73A5E948E846DE2C61849 /* Pods-menufly.release.xcconfig */ = {isa = PBXFileReference; includeInIndex = 1; lastKnownFileType = text.xcconfig; name = "Pods-menufly.release.xcconfig"; path = "Pods/Target Support Files/Pods-menufly/Pods-menufly.release.xcconfig"; sourceTree = "<group>"; };
		5F96175EDF4CB1C066E16D5D /* Pods-menufly.debug.xcconfig */ = {isa = PBXFileReference; includeInIndex = 1; lastKnownFileType = text.xcconfig; name = "Pods-menufly.debug.xcconfig"; path = "Pods/Target Support Files/Pods-menufly/Pods-menufly.debug.xcconfig"; sourceTree = "<group>"; };
		9F08560A20F6B70B009F4FD5 /* AllTheRecipesViewController.swift */ = {isa = PBXFileReference; lastKnownFileType = sourcecode.swift; path = AllTheRecipesViewController.swift; sourceTree = "<group>"; };
		9F08561020F6DA43009F4FD5 /* CreateRecipeViewController.swift */ = {isa = PBXFileReference; lastKnownFileType = sourcecode.swift; path = CreateRecipeViewController.swift; sourceTree = "<group>"; };
		9F08561220F72107009F4FD5 /* TheRecipeViewController.swift */ = {isa = PBXFileReference; lastKnownFileType = sourcecode.swift; path = TheRecipeViewController.swift; sourceTree = "<group>"; };
		9F18CC7520EC87E40062EA36 /* menufly.app */ = {isa = PBXFileReference; explicitFileType = wrapper.application; includeInIndex = 0; path = menufly.app; sourceTree = BUILT_PRODUCTS_DIR; };
		9F18CC7820EC87E40062EA36 /* AppDelegate.swift */ = {isa = PBXFileReference; lastKnownFileType = sourcecode.swift; path = AppDelegate.swift; sourceTree = "<group>"; };
		9F18CC7A20EC87E40062EA36 /* ViewController.swift */ = {isa = PBXFileReference; lastKnownFileType = sourcecode.swift; path = ViewController.swift; sourceTree = "<group>"; };
		9F18CC7D20EC87E40062EA36 /* Base */ = {isa = PBXFileReference; lastKnownFileType = file.storyboard; name = Base; path = Base.lproj/Main.storyboard; sourceTree = "<group>"; };
		9F18CC7F20EC87E60062EA36 /* Assets.xcassets */ = {isa = PBXFileReference; lastKnownFileType = folder.assetcatalog; path = Assets.xcassets; sourceTree = "<group>"; };
		9F18CC8220EC87E60062EA36 /* Base */ = {isa = PBXFileReference; lastKnownFileType = file.storyboard; name = Base; path = Base.lproj/LaunchScreen.storyboard; sourceTree = "<group>"; };
		9F18CC8420EC87E60062EA36 /* Info.plist */ = {isa = PBXFileReference; lastKnownFileType = text.plist.xml; path = Info.plist; sourceTree = "<group>"; };
		9F18CC8A20EC87F90062EA36 /* GoogleService-Info.plist */ = {isa = PBXFileReference; fileEncoding = 4; lastKnownFileType = text.plist.xml; path = "GoogleService-Info.plist"; sourceTree = "<group>"; };
		9F18CC8C20EC8E530062EA36 /* MainViewController.swift */ = {isa = PBXFileReference; lastKnownFileType = sourcecode.swift; path = MainViewController.swift; sourceTree = "<group>"; };
		9F448B0E20F7D39700E9CA90 /* FollowUsersTableViewController.swift */ = {isa = PBXFileReference; lastKnownFileType = sourcecode.swift; path = FollowUsersTableViewController.swift; sourceTree = "<group>"; };
		9F448B1220F7EB8100E9CA90 /* MyFriendsTableViewController.swift */ = {isa = PBXFileReference; lastKnownFileType = sourcecode.swift; path = MyFriendsTableViewController.swift; sourceTree = "<group>"; };
		9F448B1420F7F68A00E9CA90 /* user.swift */ = {isa = PBXFileReference; lastKnownFileType = sourcecode.swift; path = user.swift; sourceTree = "<group>"; };
		9F448B1620F81C6E00E9CA90 /* UserProfileViewController.swift */ = {isa = PBXFileReference; lastKnownFileType = sourcecode.swift; path = UserProfileViewController.swift; sourceTree = "<group>"; };
		9F5CE48C20FFCF2000F09C15 /* CalendarCell.swift */ = {isa = PBXFileReference; lastKnownFileType = sourcecode.swift; path = CalendarCell.swift; sourceTree = "<group>"; };
		9F5CE48E20FFD06A00F09C15 /* CalendarController.swift */ = {isa = PBXFileReference; lastKnownFileType = sourcecode.swift; path = CalendarController.swift; sourceTree = "<group>"; };
		9F5CE490210016B700F09C15 /* CalendarHeader.swift */ = {isa = PBXFileReference; lastKnownFileType = sourcecode.swift; path = CalendarHeader.swift; sourceTree = "<group>"; };
		9FE5BADC20FD53FB00274EA3 /* OneRecipeViewController.swift */ = {isa = PBXFileReference; lastKnownFileType = sourcecode.swift; path = OneRecipeViewController.swift; sourceTree = "<group>"; };
		9FEA997620F3D1C000FFDD6A /* Recipes.swift */ = {isa = PBXFileReference; lastKnownFileType = sourcecode.swift; path = Recipes.swift; sourceTree = "<group>"; };
/* End PBXFileReference section */

/* Begin PBXFrameworksBuildPhase section */
		9F18CC7220EC87E40062EA36 /* Frameworks */ = {
			isa = PBXFrameworksBuildPhase;
			buildActionMask = 2147483647;
			files = (
				978C2AC1F16916C109A1B665 /* Pods_menufly.framework in Frameworks */,
			);
			runOnlyForDeploymentPostprocessing = 0;
		};
/* End PBXFrameworksBuildPhase section */

/* Begin PBXGroup section */
		7D5152D32BB9246873E22A62 /* Pods */ = {
			isa = PBXGroup;
			children = (
				5F96175EDF4CB1C066E16D5D /* Pods-menufly.debug.xcconfig */,
				09E73A5E948E846DE2C61849 /* Pods-menufly.release.xcconfig */,
			);
			name = Pods;
			sourceTree = "<group>";
		};
		9F18CC6C20EC87E40062EA36 = {
			isa = PBXGroup;
			children = (
				9F18CC7720EC87E40062EA36 /* menufly */,
				9F18CC7620EC87E40062EA36 /* Products */,
				7D5152D32BB9246873E22A62 /* Pods */,
				C7057E76EDB7103EB70A6CE6 /* Frameworks */,
			);
			sourceTree = "<group>";
		};
		9F18CC7620EC87E40062EA36 /* Products */ = {
			isa = PBXGroup;
			children = (
				9F18CC7520EC87E40062EA36 /* menufly.app */,
			);
			name = Products;
			sourceTree = "<group>";
		};
		9F18CC7720EC87E40062EA36 /* menufly */ = {
			isa = PBXGroup;
			children = (
				9F18CC7820EC87E40062EA36 /* AppDelegate.swift */,
				9F18CC7A20EC87E40062EA36 /* ViewController.swift */,
				9F18CC8C20EC8E530062EA36 /* MainViewController.swift */,
				9F08560A20F6B70B009F4FD5 /* AllTheRecipesViewController.swift */,
				9F08561020F6DA43009F4FD5 /* CreateRecipeViewController.swift */,
				9F08561220F72107009F4FD5 /* TheRecipeViewController.swift */,
				9F448B1220F7EB8100E9CA90 /* MyFriendsTableViewController.swift */,
				9F448B0E20F7D39700E9CA90 /* FollowUsersTableViewController.swift */,
				9F448B1620F81C6E00E9CA90 /* UserProfileViewController.swift */,
				9F18CC7C20EC87E40062EA36 /* Main.storyboard */,
				9F18CC7F20EC87E60062EA36 /* Assets.xcassets */,
				9F18CC8120EC87E60062EA36 /* LaunchScreen.storyboard */,
				9F18CC8A20EC87F90062EA36 /* GoogleService-Info.plist */,
				9F18CC8420EC87E60062EA36 /* Info.plist */,
				9FEA997620F3D1C000FFDD6A /* Recipes.swift */,
				9F448B1420F7F68A00E9CA90 /* user.swift */,
				9FE5BADC20FD53FB00274EA3 /* OneRecipeViewController.swift */,
				9F5CE48C20FFCF2000F09C15 /* CalendarCell.swift */,
				9F5CE48E20FFD06A00F09C15 /* CalendarController.swift */,
				9F5CE490210016B700F09C15 /* CalendarHeader.swift */,
			);
			path = menufly;
			sourceTree = "<group>";
		};
		C7057E76EDB7103EB70A6CE6 /* Frameworks */ = {
			isa = PBXGroup;
			children = (
				00339691A7C4847B90E9A00A /* Pods_menufly.framework */,
			);
			name = Frameworks;
			sourceTree = "<group>";
		};
/* End PBXGroup section */

/* Begin PBXNativeTarget section */
		9F18CC7420EC87E40062EA36 /* menufly */ = {
			isa = PBXNativeTarget;
			buildConfigurationList = 9F18CC8720EC87E60062EA36 /* Build configuration list for PBXNativeTarget "menufly" */;
			buildPhases = (
				C6D73297CD0A9D37054A98DE /* [CP] Check Pods Manifest.lock */,
				9F18CC7120EC87E40062EA36 /* Sources */,
				9F18CC7220EC87E40062EA36 /* Frameworks */,
				9F18CC7320EC87E40062EA36 /* Resources */,
				9D4871F3F16567266736E40A /* [CP] Embed Pods Frameworks */,
				54D979DB6E51312B86E131D3 /* [CP] Copy Pods Resources */,
			);
			buildRules = (
			);
			dependencies = (
			);
			name = menufly;
			productName = menufly;
			productReference = 9F18CC7520EC87E40062EA36 /* menufly.app */;
			productType = "com.apple.product-type.application";
		};
/* End PBXNativeTarget section */

/* Begin PBXProject section */
		9F18CC6D20EC87E40062EA36 /* Project object */ = {
			isa = PBXProject;
			attributes = {
				LastSwiftUpdateCheck = 0940;
				LastUpgradeCheck = 0940;
				ORGANIZATIONNAME = "winifred irarrazaval Oehninger";
				TargetAttributes = {
					9F18CC7420EC87E40062EA36 = {
						CreatedOnToolsVersion = 9.4.1;
					};
				};
			};
			buildConfigurationList = 9F18CC7020EC87E40062EA36 /* Build configuration list for PBXProject "menufly" */;
			compatibilityVersion = "Xcode 9.3";
			developmentRegion = en;
			hasScannedForEncodings = 0;
			knownRegions = (
				en,
				Base,
			);
			mainGroup = 9F18CC6C20EC87E40062EA36;
			productRefGroup = 9F18CC7620EC87E40062EA36 /* Products */;
			projectDirPath = "";
			projectRoot = "";
			targets = (
				9F18CC7420EC87E40062EA36 /* menufly */,
			);
		};
/* End PBXProject section */

/* Begin PBXResourcesBuildPhase section */
		9F18CC7320EC87E40062EA36 /* Resources */ = {
			isa = PBXResourcesBuildPhase;
			buildActionMask = 2147483647;
			files = (
				9F18CC8320EC87E60062EA36 /* LaunchScreen.storyboard in Resources */,
				9F18CC8B20EC87F90062EA36 /* GoogleService-Info.plist in Resources */,
				9F18CC8020EC87E60062EA36 /* Assets.xcassets in Resources */,
				9F18CC7E20EC87E40062EA36 /* Main.storyboard in Resources */,
			);
			runOnlyForDeploymentPostprocessing = 0;
		};
/* End PBXResourcesBuildPhase section */

/* Begin PBXShellScriptBuildPhase section */
		54D979DB6E51312B86E131D3 /* [CP] Copy Pods Resources */ = {
			isa = PBXShellScriptBuildPhase;
			buildActionMask = 2147483647;
			files = (
			);
			inputPaths = (
				"${SRCROOT}/Pods/Target Support Files/Pods-menufly/Pods-menufly-resources.sh",
				"${PODS_CONFIGURATION_BUILD_DIR}/FirebaseUI/FirebaseAuthUI.bundle",
				"${PODS_CONFIGURATION_BUILD_DIR}/FirebaseUI/FirebaseFacebookAuthUI.bundle",
				"${PODS_CONFIGURATION_BUILD_DIR}/FirebaseUI/FirebaseGoogleAuthUI.bundle",
				"${PODS_CONFIGURATION_BUILD_DIR}/FirebaseUI/FirebasePhoneAuthUI.bundle",
				"${PODS_CONFIGURATION_BUILD_DIR}/FirebaseUI/FirebaseTwitterAuthUI.bundle",
				"${PODS_ROOT}/GoogleSignIn/Resources/GoogleSignIn.bundle",
				"${PODS_ROOT}/TwitterKit/iOS/TwitterKit.framework/TwitterKitResources.bundle",
				"${PODS_ROOT}/TwitterKit/iOS/TwitterKit.framework/TwitterShareExtensionUIResources.bundle",
			);
			name = "[CP] Copy Pods Resources";
			outputPaths = (
				"${TARGET_BUILD_DIR}/${UNLOCALIZED_RESOURCES_FOLDER_PATH}/FirebaseAuthUI.bundle",
				"${TARGET_BUILD_DIR}/${UNLOCALIZED_RESOURCES_FOLDER_PATH}/FirebaseFacebookAuthUI.bundle",
				"${TARGET_BUILD_DIR}/${UNLOCALIZED_RESOURCES_FOLDER_PATH}/FirebaseGoogleAuthUI.bundle",
				"${TARGET_BUILD_DIR}/${UNLOCALIZED_RESOURCES_FOLDER_PATH}/FirebasePhoneAuthUI.bundle",
				"${TARGET_BUILD_DIR}/${UNLOCALIZED_RESOURCES_FOLDER_PATH}/FirebaseTwitterAuthUI.bundle",
				"${TARGET_BUILD_DIR}/${UNLOCALIZED_RESOURCES_FOLDER_PATH}/GoogleSignIn.bundle",
				"${TARGET_BUILD_DIR}/${UNLOCALIZED_RESOURCES_FOLDER_PATH}/TwitterKitResources.bundle",
				"${TARGET_BUILD_DIR}/${UNLOCALIZED_RESOURCES_FOLDER_PATH}/TwitterShareExtensionUIResources.bundle",
			);
			runOnlyForDeploymentPostprocessing = 0;
			shellPath = /bin/sh;
			shellScript = "\"${SRCROOT}/Pods/Target Support Files/Pods-menufly/Pods-menufly-resources.sh\"\n";
			showEnvVarsInLog = 0;
		};
		9D4871F3F16567266736E40A /* [CP] Embed Pods Frameworks */ = {
			isa = PBXShellScriptBuildPhase;
			buildActionMask = 2147483647;
			files = (
			);
			inputPaths = (
				"${SRCROOT}/Pods/Target Support Files/Pods-menufly/Pods-menufly-frameworks.sh",
				"${BUILT_PRODUCTS_DIR}/Bolts/Bolts.framework",
				"${BUILT_PRODUCTS_DIR}/BoringSSL/openssl.framework",
				"${BUILT_PRODUCTS_DIR}/FBSDKCoreKit/FBSDKCoreKit.framework",
				"${BUILT_PRODUCTS_DIR}/FBSDKLoginKit/FBSDKLoginKit.framework",
				"${BUILT_PRODUCTS_DIR}/GTMOAuth2/GTMOAuth2.framework",
				"${BUILT_PRODUCTS_DIR}/GTMSessionFetcher/GTMSessionFetcher.framework",
				"${BUILT_PRODUCTS_DIR}/GoogleToolboxForMac/GoogleToolboxForMac.framework",
				"${BUILT_PRODUCTS_DIR}/JTAppleCalendar/JTAppleCalendar.framework",
				"${BUILT_PRODUCTS_DIR}/Protobuf/Protobuf.framework",
				"${BUILT_PRODUCTS_DIR}/SDWebImage/SDWebImage.framework",
				"${PODS_ROOT}/TwitterCore/iOS/TwitterCore.framework",
				"${PODS_ROOT}/TwitterKit/iOS/TwitterKit.framework",
				"${BUILT_PRODUCTS_DIR}/gRPC/GRPCClient.framework",
				"${BUILT_PRODUCTS_DIR}/gRPC-Core/grpc.framework",
				"${BUILT_PRODUCTS_DIR}/gRPC-ProtoRPC/ProtoRPC.framework",
				"${BUILT_PRODUCTS_DIR}/gRPC-RxLibrary/RxLibrary.framework",
				"${BUILT_PRODUCTS_DIR}/leveldb-library/leveldb.framework",
				"${BUILT_PRODUCTS_DIR}/nanopb/nanopb.framework",
			);
			name = "[CP] Embed Pods Frameworks";
			outputPaths = (
				"${TARGET_BUILD_DIR}/${FRAMEWORKS_FOLDER_PATH}/Bolts.framework",
				"${TARGET_BUILD_DIR}/${FRAMEWORKS_FOLDER_PATH}/openssl.framework",
				"${TARGET_BUILD_DIR}/${FRAMEWORKS_FOLDER_PATH}/FBSDKCoreKit.framework",
				"${TARGET_BUILD_DIR}/${FRAMEWORKS_FOLDER_PATH}/FBSDKLoginKit.framework",
				"${TARGET_BUILD_DIR}/${FRAMEWORKS_FOLDER_PATH}/GTMOAuth2.framework",
				"${TARGET_BUILD_DIR}/${FRAMEWORKS_FOLDER_PATH}/GTMSessionFetcher.framework",
				"${TARGET_BUILD_DIR}/${FRAMEWORKS_FOLDER_PATH}/GoogleToolboxForMac.framework",
				"${TARGET_BUILD_DIR}/${FRAMEWORKS_FOLDER_PATH}/JTAppleCalendar.framework",
				"${TARGET_BUILD_DIR}/${FRAMEWORKS_FOLDER_PATH}/Protobuf.framework",
				"${TARGET_BUILD_DIR}/${FRAMEWORKS_FOLDER_PATH}/SDWebImage.framework",
				"${TARGET_BUILD_DIR}/${FRAMEWORKS_FOLDER_PATH}/TwitterCore.framework",
				"${TARGET_BUILD_DIR}/${FRAMEWORKS_FOLDER_PATH}/TwitterKit.framework",
				"${TARGET_BUILD_DIR}/${FRAMEWORKS_FOLDER_PATH}/GRPCClient.framework",
				"${TARGET_BUILD_DIR}/${FRAMEWORKS_FOLDER_PATH}/grpc.framework",
				"${TARGET_BUILD_DIR}/${FRAMEWORKS_FOLDER_PATH}/ProtoRPC.framework",
				"${TARGET_BUILD_DIR}/${FRAMEWORKS_FOLDER_PATH}/RxLibrary.framework",
				"${TARGET_BUILD_DIR}/${FRAMEWORKS_FOLDER_PATH}/leveldb.framework",
				"${TARGET_BUILD_DIR}/${FRAMEWORKS_FOLDER_PATH}/nanopb.framework",
			);
			runOnlyForDeploymentPostprocessing = 0;
			shellPath = /bin/sh;
			shellScript = "\"${SRCROOT}/Pods/Target Support Files/Pods-menufly/Pods-menufly-frameworks.sh\"\n";
			showEnvVarsInLog = 0;
		};
		C6D73297CD0A9D37054A98DE /* [CP] Check Pods Manifest.lock */ = {
			isa = PBXShellScriptBuildPhase;
			buildActionMask = 2147483647;
			files = (
			);
			inputPaths = (
				"${PODS_PODFILE_DIR_PATH}/Podfile.lock",
				"${PODS_ROOT}/Manifest.lock",
			);
			name = "[CP] Check Pods Manifest.lock";
			outputPaths = (
				"$(DERIVED_FILE_DIR)/Pods-menufly-checkManifestLockResult.txt",
			);
			runOnlyForDeploymentPostprocessing = 0;
			shellPath = /bin/sh;
			shellScript = "diff \"${PODS_PODFILE_DIR_PATH}/Podfile.lock\" \"${PODS_ROOT}/Manifest.lock\" > /dev/null\nif [ $? != 0 ] ; then\n    # print error to STDERR\n    echo \"error: The sandbox is not in sync with the Podfile.lock. Run 'pod install' or update your CocoaPods installation.\" >&2\n    exit 1\nfi\n# This output is used by Xcode 'outputs' to avoid re-running this script phase.\necho \"SUCCESS\" > \"${SCRIPT_OUTPUT_FILE_0}\"\n";
			showEnvVarsInLog = 0;
		};
/* End PBXShellScriptBuildPhase section */

/* Begin PBXSourcesBuildPhase section */
		9F18CC7120EC87E40062EA36 /* Sources */ = {
			isa = PBXSourcesBuildPhase;
			buildActionMask = 2147483647;
			files = (
				9FE5BADD20FD53FB00274EA3 /* OneRecipeViewController.swift in Sources */,
				9F448B1520F7F68A00E9CA90 /* user.swift in Sources */,
				9F08561320F72107009F4FD5 /* TheRecipeViewController.swift in Sources */,
				9F5CE48F20FFD06A00F09C15 /* CalendarController.swift in Sources */,
				9F08560B20F6B70B009F4FD5 /* AllTheRecipesViewController.swift in Sources */,
				9F18CC8D20EC8E530062EA36 /* MainViewController.swift in Sources */,
				9F448B0F20F7D39700E9CA90 /* FollowUsersTableViewController.swift in Sources */,
				9FEA997720F3D1C000FFDD6A /* Recipes.swift in Sources */,
				9F08561120F6DA43009F4FD5 /* CreateRecipeViewController.swift in Sources */,
				9F18CC7B20EC87E40062EA36 /* ViewController.swift in Sources */,
				9F18CC7920EC87E40062EA36 /* AppDelegate.swift in Sources */,
				9F448B1720F81C6E00E9CA90 /* UserProfileViewController.swift in Sources */,
				9F5CE48D20FFCF2000F09C15 /* CalendarCell.swift in Sources */,
				9F448B1320F7EB8100E9CA90 /* MyFriendsTableViewController.swift in Sources */,
				9F5CE491210016B700F09C15 /* CalendarHeader.swift in Sources */,
			);
			runOnlyForDeploymentPostprocessing = 0;
		};
/* End PBXSourcesBuildPhase section */

/* Begin PBXVariantGroup section */
		9F18CC7C20EC87E40062EA36 /* Main.storyboard */ = {
			isa = PBXVariantGroup;
			children = (
				9F18CC7D20EC87E40062EA36 /* Base */,
			);
			name = Main.storyboard;
			sourceTree = "<group>";
		};
		9F18CC8120EC87E60062EA36 /* LaunchScreen.storyboard */ = {
			isa = PBXVariantGroup;
			children = (
				9F18CC8220EC87E60062EA36 /* Base */,
			);
			name = LaunchScreen.storyboard;
			sourceTree = "<group>";
		};
/* End PBXVariantGroup section */

/* Begin XCBuildConfiguration section */
		9F18CC8520EC87E60062EA36 /* Debug */ = {
			isa = XCBuildConfiguration;
			buildSettings = {
				ALWAYS_SEARCH_USER_PATHS = NO;
				CLANG_ANALYZER_NONNULL = YES;
				CLANG_ANALYZER_NUMBER_OBJECT_CONVERSION = YES_AGGRESSIVE;
				CLANG_CXX_LANGUAGE_STANDARD = "gnu++14";
				CLANG_CXX_LIBRARY = "libc++";
				CLANG_ENABLE_MODULES = YES;
				CLANG_ENABLE_OBJC_ARC = YES;
				CLANG_ENABLE_OBJC_WEAK = YES;
				CLANG_WARN_BLOCK_CAPTURE_AUTORELEASING = YES;
				CLANG_WARN_BOOL_CONVERSION = YES;
				CLANG_WARN_COMMA = YES;
				CLANG_WARN_CONSTANT_CONVERSION = YES;
				CLANG_WARN_DEPRECATED_OBJC_IMPLEMENTATIONS = YES;
				CLANG_WARN_DIRECT_OBJC_ISA_USAGE = YES_ERROR;
				CLANG_WARN_DOCUMENTATION_COMMENTS = YES;
				CLANG_WARN_EMPTY_BODY = YES;
				CLANG_WARN_ENUM_CONVERSION = YES;
				CLANG_WARN_INFINITE_RECURSION = YES;
				CLANG_WARN_INT_CONVERSION = YES;
				CLANG_WARN_NON_LITERAL_NULL_CONVERSION = YES;
				CLANG_WARN_OBJC_IMPLICIT_RETAIN_SELF = YES;
				CLANG_WARN_OBJC_LITERAL_CONVERSION = YES;
				CLANG_WARN_OBJC_ROOT_CLASS = YES_ERROR;
				CLANG_WARN_RANGE_LOOP_ANALYSIS = YES;
				CLANG_WARN_STRICT_PROTOTYPES = YES;
				CLANG_WARN_SUSPICIOUS_MOVE = YES;
				CLANG_WARN_UNGUARDED_AVAILABILITY = YES_AGGRESSIVE;
				CLANG_WARN_UNREACHABLE_CODE = YES;
				CLANG_WARN__DUPLICATE_METHOD_MATCH = YES;
				CODE_SIGN_IDENTITY = "iPhone Developer";
				COPY_PHASE_STRIP = NO;
				DEBUG_INFORMATION_FORMAT = dwarf;
				ENABLE_STRICT_OBJC_MSGSEND = YES;
				ENABLE_TESTABILITY = YES;
				GCC_C_LANGUAGE_STANDARD = gnu11;
				GCC_DYNAMIC_NO_PIC = NO;
				GCC_NO_COMMON_BLOCKS = YES;
				GCC_OPTIMIZATION_LEVEL = 0;
				GCC_PREPROCESSOR_DEFINITIONS = (
					"DEBUG=1",
					"$(inherited)",
				);
				GCC_WARN_64_TO_32_BIT_CONVERSION = YES;
				GCC_WARN_ABOUT_RETURN_TYPE = YES_ERROR;
				GCC_WARN_UNDECLARED_SELECTOR = YES;
				GCC_WARN_UNINITIALIZED_AUTOS = YES_AGGRESSIVE;
				GCC_WARN_UNUSED_FUNCTION = YES;
				GCC_WARN_UNUSED_VARIABLE = YES;
				IPHONEOS_DEPLOYMENT_TARGET = 11.4;
				MTL_ENABLE_DEBUG_INFO = YES;
				ONLY_ACTIVE_ARCH = YES;
				SDKROOT = iphoneos;
				SWIFT_ACTIVE_COMPILATION_CONDITIONS = DEBUG;
				SWIFT_OPTIMIZATION_LEVEL = "-Onone";
			};
			name = Debug;
		};
		9F18CC8620EC87E60062EA36 /* Release */ = {
			isa = XCBuildConfiguration;
			buildSettings = {
				ALWAYS_SEARCH_USER_PATHS = NO;
				CLANG_ANALYZER_NONNULL = YES;
				CLANG_ANALYZER_NUMBER_OBJECT_CONVERSION = YES_AGGRESSIVE;
				CLANG_CXX_LANGUAGE_STANDARD = "gnu++14";
				CLANG_CXX_LIBRARY = "libc++";
				CLANG_ENABLE_MODULES = YES;
				CLANG_ENABLE_OBJC_ARC = YES;
				CLANG_ENABLE_OBJC_WEAK = YES;
				CLANG_WARN_BLOCK_CAPTURE_AUTORELEASING = YES;
				CLANG_WARN_BOOL_CONVERSION = YES;
				CLANG_WARN_COMMA = YES;
				CLANG_WARN_CONSTANT_CONVERSION = YES;
				CLANG_WARN_DEPRECATED_OBJC_IMPLEMENTATIONS = YES;
				CLANG_WARN_DIRECT_OBJC_ISA_USAGE = YES_ERROR;
				CLANG_WARN_DOCUMENTATION_COMMENTS = YES;
				CLANG_WARN_EMPTY_BODY = YES;
				CLANG_WARN_ENUM_CONVERSION = YES;
				CLANG_WARN_INFINITE_RECURSION = YES;
				CLANG_WARN_INT_CONVERSION = YES;
				CLANG_WARN_NON_LITERAL_NULL_CONVERSION = YES;
				CLANG_WARN_OBJC_IMPLICIT_RETAIN_SELF = YES;
				CLANG_WARN_OBJC_LITERAL_CONVERSION = YES;
				CLANG_WARN_OBJC_ROOT_CLASS = YES_ERROR;
				CLANG_WARN_RANGE_LOOP_ANALYSIS = YES;
				CLANG_WARN_STRICT_PROTOTYPES = YES;
				CLANG_WARN_SUSPICIOUS_MOVE = YES;
				CLANG_WARN_UNGUARDED_AVAILABILITY = YES_AGGRESSIVE;
				CLANG_WARN_UNREACHABLE_CODE = YES;
				CLANG_WARN__DUPLICATE_METHOD_MATCH = YES;
				CODE_SIGN_IDENTITY = "iPhone Developer";
				COPY_PHASE_STRIP = NO;
				DEBUG_INFORMATION_FORMAT = "dwarf-with-dsym";
				ENABLE_NS_ASSERTIONS = NO;
				ENABLE_STRICT_OBJC_MSGSEND = YES;
				GCC_C_LANGUAGE_STANDARD = gnu11;
				GCC_NO_COMMON_BLOCKS = YES;
				GCC_WARN_64_TO_32_BIT_CONVERSION = YES;
				GCC_WARN_ABOUT_RETURN_TYPE = YES_ERROR;
				GCC_WARN_UNDECLARED_SELECTOR = YES;
				GCC_WARN_UNINITIALIZED_AUTOS = YES_AGGRESSIVE;
				GCC_WARN_UNUSED_FUNCTION = YES;
				GCC_WARN_UNUSED_VARIABLE = YES;
				IPHONEOS_DEPLOYMENT_TARGET = 11.4;
				MTL_ENABLE_DEBUG_INFO = NO;
				SDKROOT = iphoneos;
				SWIFT_COMPILATION_MODE = wholemodule;
				SWIFT_OPTIMIZATION_LEVEL = "-O";
				VALIDATE_PRODUCT = YES;
			};
			name = Release;
		};
		9F18CC8820EC87E60062EA36 /* Debug */ = {
			isa = XCBuildConfiguration;
			baseConfigurationReference = 5F96175EDF4CB1C066E16D5D /* Pods-menufly.debug.xcconfig */;
			buildSettings = {
				ASSETCATALOG_COMPILER_APPICON_NAME = AppIcon;
				CODE_SIGN_STYLE = Automatic;
				DEVELOPMENT_TEAM = 6FFR68Y67Q;
				ENABLE_BITCODE = YES;
				INFOPLIST_FILE = menufly/Info.plist;
				IPHONEOS_DEPLOYMENT_TARGET = 10.0;
				LD_RUNPATH_SEARCH_PATHS = (
					"$(inherited)",
					"@executable_path/Frameworks",
				);
				PRODUCT_BUNDLE_IDENTIFIER = com.winirarrazaval.menufly;
				PRODUCT_NAME = "$(TARGET_NAME)";
				SWIFT_VERSION = 4.0;
				TARGETED_DEVICE_FAMILY = "1,2";
			};
			name = Debug;
		};
		9F18CC8920EC87E60062EA36 /* Release */ = {
			isa = XCBuildConfiguration;
			baseConfigurationReference = 09E73A5E948E846DE2C61849 /* Pods-menufly.release.xcconfig */;
			buildSettings = {
				ASSETCATALOG_COMPILER_APPICON_NAME = AppIcon;
				CODE_SIGN_STYLE = Automatic;
				DEVELOPMENT_TEAM = 6FFR68Y67Q;
				ENABLE_BITCODE = YES;
				INFOPLIST_FILE = menufly/Info.plist;
				IPHONEOS_DEPLOYMENT_TARGET = 10.0;
				LD_RUNPATH_SEARCH_PATHS = (
					"$(inherited)",
					"@executable_path/Frameworks",
				);
				PRODUCT_BUNDLE_IDENTIFIER = com.winirarrazaval.menufly;
				PRODUCT_NAME = "$(TARGET_NAME)";
				SWIFT_VERSION = 4.0;
				TARGETED_DEVICE_FAMILY = "1,2";
			};
			name = Release;
		};
/* End XCBuildConfiguration section */

/* Begin XCConfigurationList section */
		9F18CC7020EC87E40062EA36 /* Build configuration list for PBXProject "menufly" */ = {
			isa = XCConfigurationList;
			buildConfigurations = (
				9F18CC8520EC87E60062EA36 /* Debug */,
				9F18CC8620EC87E60062EA36 /* Release */,
			);
			defaultConfigurationIsVisible = 0;
			defaultConfigurationName = Release;
		};
		9F18CC8720EC87E60062EA36 /* Build configuration list for PBXNativeTarget "menufly" */ = {
			isa = XCConfigurationList;
			buildConfigurations = (
				9F18CC8820EC87E60062EA36 /* Debug */,
				9F18CC8920EC87E60062EA36 /* Release */,
			);
			defaultConfigurationIsVisible = 0;
			defaultConfigurationName = Release;
		};
/* End XCConfigurationList section */
	};
	rootObject = 9F18CC6D20EC87E40062EA36 /* Project object */;
}
